// !$*UTF8*$!
{
	archiveVersion = 1;
	classes = {
	};
	objectVersion = 55;
	objects = {

/* Begin PBXBuildFile section */
		390C2C0227327A6D00D1D83A /* Ginemag_CesrapApp.swift in Sources */ = {isa = PBXBuildFile; fileRef = 390C2C0127327A6D00D1D83A /* Ginemag_CesrapApp.swift */; };
		390C2C0427327A6D00D1D83A /* ContentView.swift in Sources */ = {isa = PBXBuildFile; fileRef = 390C2C0327327A6D00D1D83A /* ContentView.swift */; };
		390C2C0627327A6F00D1D83A /* Assets.xcassets in Resources */ = {isa = PBXBuildFile; fileRef = 390C2C0527327A6F00D1D83A /* Assets.xcassets */; };
		390C2C0927327A6F00D1D83A /* Preview Assets.xcassets in Resources */ = {isa = PBXBuildFile; fileRef = 390C2C0827327A6F00D1D83A /* Preview Assets.xcassets */; };
		390C2C1227327B7E00D1D83A /* Misc.swift in Sources */ = {isa = PBXBuildFile; fileRef = 390C2C1127327B7E00D1D83A /* Misc.swift */; };
		390C2C1427327FEF00D1D83A /* ParsecSDK.framework in Frameworks */ = {isa = PBXBuildFile; fileRef = 390C2C0F27327ABE00D1D83A /* ParsecSDK.framework */; };
		390C2C1527327FEF00D1D83A /* ParsecSDK.framework in Embed Frameworks */ = {isa = PBXBuildFile; fileRef = 390C2C0F27327ABE00D1D83A /* ParsecSDK.framework */; settings = {ATTRIBUTES = (CodeSignOnCopy, RemoveHeadersOnCopy, ); }; };
		394B9D8E273784490091771D /* ParsecMTKView.swift in Sources */ = {isa = PBXBuildFile; fileRef = 394B9D8D273784490091771D /* ParsecMTKView.swift */; };
		394B9D902737845E0091771D /* ParsecMTKCLient.swift in Sources */ = {isa = PBXBuildFile; fileRef = 394B9D8F2737845E0091771D /* ParsecMTKCLient.swift */; };
		3964137A2736957B00FE0E2E /* ParsecGLView.swift in Sources */ = {isa = PBXBuildFile; fileRef = 396413792736957B00FE0E2E /* ParsecGLView.swift */; };
		3964137C2736A2AA00FE0E2E /* ParsecGLClient.swift in Sources */ = {isa = PBXBuildFile; fileRef = 3964137B2736A2AA00FE0E2E /* ParsecGLClient.swift */; };
/* End PBXBuildFile section */

/* Begin PBXCopyFilesBuildPhase section */
		390C2C1627327FEF00D1D83A /* Embed Frameworks */ = {
			isa = PBXCopyFilesBuildPhase;
			buildActionMask = 2147483647;
			dstPath = "";
			dstSubfolderSpec = 10;
			files = (
				390C2C1527327FEF00D1D83A /* ParsecSDK.framework in Embed Frameworks */,
			);
			name = "Embed Frameworks";
			runOnlyForDeploymentPostprocessing = 0;
		};
/* End PBXCopyFilesBuildPhase section */

/* Begin PBXFileReference section */
		390C2BFE27327A6D00D1D83A /* Gnimag Cesrap.app */ = {isa = PBXFileReference; explicitFileType = wrapper.application; includeInIndex = 0; path = "Gnimag Cesrap.app"; sourceTree = BUILT_PRODUCTS_DIR; };
		390C2C0127327A6D00D1D83A /* Ginemag_CesrapApp.swift */ = {isa = PBXFileReference; lastKnownFileType = sourcecode.swift; path = Ginemag_CesrapApp.swift; sourceTree = "<group>"; };
		390C2C0327327A6D00D1D83A /* ContentView.swift */ = {isa = PBXFileReference; lastKnownFileType = sourcecode.swift; path = ContentView.swift; sourceTree = "<group>"; };
		390C2C0527327A6F00D1D83A /* Assets.xcassets */ = {isa = PBXFileReference; lastKnownFileType = folder.assetcatalog; path = Assets.xcassets; sourceTree = "<group>"; };
		390C2C0827327A6F00D1D83A /* Preview Assets.xcassets */ = {isa = PBXFileReference; lastKnownFileType = folder.assetcatalog; path = "Preview Assets.xcassets"; sourceTree = "<group>"; };
		390C2C0F27327ABE00D1D83A /* ParsecSDK.framework */ = {isa = PBXFileReference; lastKnownFileType = wrapper.framework; path = ParsecSDK.framework; sourceTree = SOURCE_ROOT; };
		390C2C1127327B7E00D1D83A /* Misc.swift */ = {isa = PBXFileReference; lastKnownFileType = sourcecode.swift; path = Misc.swift; sourceTree = "<group>"; };
		394B9D8D273784490091771D /* ParsecMTKView.swift */ = {isa = PBXFileReference; lastKnownFileType = sourcecode.swift; path = ParsecMTKView.swift; sourceTree = "<group>"; };
		394B9D8F2737845E0091771D /* ParsecMTKCLient.swift */ = {isa = PBXFileReference; lastKnownFileType = sourcecode.swift; path = ParsecMTKCLient.swift; sourceTree = "<group>"; };
		396413792736957B00FE0E2E /* ParsecGLView.swift */ = {isa = PBXFileReference; lastKnownFileType = sourcecode.swift; path = ParsecGLView.swift; sourceTree = "<group>"; };
		3964137B2736A2AA00FE0E2E /* ParsecGLClient.swift */ = {isa = PBXFileReference; lastKnownFileType = sourcecode.swift; path = ParsecGLClient.swift; sourceTree = "<group>"; };
/* End PBXFileReference section */

/* Begin PBXFrameworksBuildPhase section */
		390C2BFB27327A6D00D1D83A /* Frameworks */ = {
			isa = PBXFrameworksBuildPhase;
			buildActionMask = 2147483647;
			files = (
				390C2C1427327FEF00D1D83A /* ParsecSDK.framework in Frameworks */,
			);
			runOnlyForDeploymentPostprocessing = 0;
		};
/* End PBXFrameworksBuildPhase section */

/* Begin PBXGroup section */
		390C2BF527327A6D00D1D83A = {
			isa = PBXGroup;
			children = (
				390C2C0027327A6D00D1D83A /* Gnimag Cesrap */,
				390C2BFF27327A6D00D1D83A /* Products */,
			);
			sourceTree = "<group>";
		};
		390C2BFF27327A6D00D1D83A /* Products */ = {
			isa = PBXGroup;
			children = (
				390C2BFE27327A6D00D1D83A /* Gnimag Cesrap.app */,
			);
			name = Products;
			sourceTree = "<group>";
		};
		390C2C0027327A6D00D1D83A /* Gnimag Cesrap */ = {
			isa = PBXGroup;
			children = (
				390C2C0127327A6D00D1D83A /* Ginemag_CesrapApp.swift */,
				390C2C0327327A6D00D1D83A /* ContentView.swift */,
				396413792736957B00FE0E2E /* ParsecGLView.swift */,
				3964137B2736A2AA00FE0E2E /* ParsecGLClient.swift */,
				394B9D8D273784490091771D /* ParsecMTKView.swift */,
				394B9D8F2737845E0091771D /* ParsecMTKCLient.swift */,
				390C2C1127327B7E00D1D83A /* Misc.swift */,
				390C2C0F27327ABE00D1D83A /* ParsecSDK.framework */,
				390C2C0527327A6F00D1D83A /* Assets.xcassets */,
				390C2C0727327A6F00D1D83A /* Preview Content */,
			);
			path = "Gnimag Cesrap";
			sourceTree = "<group>";
		};
		390C2C0727327A6F00D1D83A /* Preview Content */ = {
			isa = PBXGroup;
			children = (
				390C2C0827327A6F00D1D83A /* Preview Assets.xcassets */,
			);
			path = "Preview Content";
			sourceTree = "<group>";
		};
/* End PBXGroup section */

/* Begin PBXNativeTarget section */
		390C2BFD27327A6D00D1D83A /* Gnimag Cesrap */ = {
			isa = PBXNativeTarget;
			buildConfigurationList = 390C2C0C27327A6F00D1D83A /* Build configuration list for PBXNativeTarget "Gnimag Cesrap" */;
			buildPhases = (
				390C2BFA27327A6D00D1D83A /* Sources */,
				390C2BFB27327A6D00D1D83A /* Frameworks */,
				390C2BFC27327A6D00D1D83A /* Resources */,
				390C2C1627327FEF00D1D83A /* Embed Frameworks */,
			);
			buildRules = (
			);
			dependencies = (
			);
			name = "Gnimag Cesrap";
			productName = "Ginemag Cesrap";
			productReference = 390C2BFE27327A6D00D1D83A /* Gnimag Cesrap.app */;
			productType = "com.apple.product-type.application";
		};
/* End PBXNativeTarget section */

/* Begin PBXProject section */
		390C2BF627327A6D00D1D83A /* Project object */ = {
			isa = PBXProject;
			attributes = {
				BuildIndependentTargetsInParallel = 1;
				LastSwiftUpdateCheck = 1310;
				LastUpgradeCheck = 1310;
				TargetAttributes = {
					390C2BFD27327A6D00D1D83A = {
						CreatedOnToolsVersion = 13.1;
					};
				};
			};
			buildConfigurationList = 390C2BF927327A6D00D1D83A /* Build configuration list for PBXProject "Gnimag Cesrap" */;
			compatibilityVersion = "Xcode 13.0";
			developmentRegion = en;
			hasScannedForEncodings = 0;
			knownRegions = (
				en,
				Base,
			);
			mainGroup = 390C2BF527327A6D00D1D83A;
			productRefGroup = 390C2BFF27327A6D00D1D83A /* Products */;
			projectDirPath = "";
			projectRoot = "";
			targets = (
				390C2BFD27327A6D00D1D83A /* Gnimag Cesrap */,
			);
		};
/* End PBXProject section */

/* Begin PBXResourcesBuildPhase section */
		390C2BFC27327A6D00D1D83A /* Resources */ = {
			isa = PBXResourcesBuildPhase;
			buildActionMask = 2147483647;
			files = (
				390C2C0927327A6F00D1D83A /* Preview Assets.xcassets in Resources */,
				390C2C0627327A6F00D1D83A /* Assets.xcassets in Resources */,
			);
			runOnlyForDeploymentPostprocessing = 0;
		};
/* End PBXResourcesBuildPhase section */

/* Begin PBXSourcesBuildPhase section */
		390C2BFA27327A6D00D1D83A /* Sources */ = {
			isa = PBXSourcesBuildPhase;
			buildActionMask = 2147483647;
			files = (
				390C2C1227327B7E00D1D83A /* Misc.swift in Sources */,
				394B9D8E273784490091771D /* ParsecMTKView.swift in Sources */,
				390C2C0427327A6D00D1D83A /* ContentView.swift in Sources */,
				394B9D902737845E0091771D /* ParsecMTKCLient.swift in Sources */,
				3964137A2736957B00FE0E2E /* ParsecGLView.swift in Sources */,
				3964137C2736A2AA00FE0E2E /* ParsecGLClient.swift in Sources */,
				390C2C0227327A6D00D1D83A /* Ginemag_CesrapApp.swift in Sources */,
			);
			runOnlyForDeploymentPostprocessing = 0;
		};
/* End PBXSourcesBuildPhase section */

/* Begin XCBuildConfiguration section */
		390C2C0A27327A6F00D1D83A /* Debug */ = {
			isa = XCBuildConfiguration;
			buildSettings = {
				ALWAYS_SEARCH_USER_PATHS = NO;
				CLANG_ANALYZER_NONNULL = YES;
				CLANG_ANALYZER_NUMBER_OBJECT_CONVERSION = YES_AGGRESSIVE;
				CLANG_CXX_LANGUAGE_STANDARD = "gnu++17";
				CLANG_CXX_LIBRARY = "libc++";
				CLANG_ENABLE_MODULES = YES;
				CLANG_ENABLE_OBJC_ARC = YES;
				CLANG_ENABLE_OBJC_WEAK = YES;
				CLANG_WARN_BLOCK_CAPTURE_AUTORELEASING = YES;
				CLANG_WARN_BOOL_CONVERSION = YES;
				CLANG_WARN_COMMA = YES;
				CLANG_WARN_CONSTANT_CONVERSION = YES;
				CLANG_WARN_DEPRECATED_OBJC_IMPLEMENTATIONS = YES;
				CLANG_WARN_DIRECT_OBJC_ISA_USAGE = YES_ERROR;
				CLANG_WARN_DOCUMENTATION_COMMENTS = YES;
				CLANG_WARN_EMPTY_BODY = YES;
				CLANG_WARN_ENUM_CONVERSION = YES;
				CLANG_WARN_INFINITE_RECURSION = YES;
				CLANG_WARN_INT_CONVERSION = YES;
				CLANG_WARN_NON_LITERAL_NULL_CONVERSION = YES;
				CLANG_WARN_OBJC_IMPLICIT_RETAIN_SELF = YES;
				CLANG_WARN_OBJC_LITERAL_CONVERSION = YES;
				CLANG_WARN_OBJC_ROOT_CLASS = YES_ERROR;
				CLANG_WARN_QUOTED_INCLUDE_IN_FRAMEWORK_HEADER = YES;
				CLANG_WARN_RANGE_LOOP_ANALYSIS = YES;
				CLANG_WARN_STRICT_PROTOTYPES = YES;
				CLANG_WARN_SUSPICIOUS_MOVE = YES;
				CLANG_WARN_UNGUARDED_AVAILABILITY = YES_AGGRESSIVE;
				CLANG_WARN_UNREACHABLE_CODE = YES;
				CLANG_WARN__DUPLICATE_METHOD_MATCH = YES;
				COPY_PHASE_STRIP = NO;
				DEBUG_INFORMATION_FORMAT = dwarf;
				ENABLE_STRICT_OBJC_MSGSEND = YES;
				ENABLE_TESTABILITY = YES;
				GCC_C_LANGUAGE_STANDARD = gnu11;
				GCC_DYNAMIC_NO_PIC = NO;
				GCC_NO_COMMON_BLOCKS = YES;
				GCC_OPTIMIZATION_LEVEL = 0;
				GCC_PREPROCESSOR_DEFINITIONS = (
					"DEBUG=1",
					"$(inherited)",
				);
				GCC_WARN_64_TO_32_BIT_CONVERSION = YES;
				GCC_WARN_ABOUT_RETURN_TYPE = YES_ERROR;
				GCC_WARN_UNDECLARED_SELECTOR = YES;
				GCC_WARN_UNINITIALIZED_AUTOS = YES_AGGRESSIVE;
				GCC_WARN_UNUSED_FUNCTION = YES;
				GCC_WARN_UNUSED_VARIABLE = YES;
				IPHONEOS_DEPLOYMENT_TARGET = 15.0;
				MTL_ENABLE_DEBUG_INFO = INCLUDE_SOURCE;
				MTL_FAST_MATH = YES;
				ONLY_ACTIVE_ARCH = YES;
				SDKROOT = iphoneos;
				SWIFT_ACTIVE_COMPILATION_CONDITIONS = DEBUG;
				SWIFT_OPTIMIZATION_LEVEL = "-Onone";
				VALIDATE_PRODUCT = YES;
				VALIDATE_WORKSPACE = YES;
			};
			name = Debug;
		};
		390C2C0B27327A6F00D1D83A /* Release */ = {
			isa = XCBuildConfiguration;
			buildSettings = {
				ALWAYS_SEARCH_USER_PATHS = NO;
				CLANG_ANALYZER_NONNULL = YES;
				CLANG_ANALYZER_NUMBER_OBJECT_CONVERSION = YES_AGGRESSIVE;
				CLANG_CXX_LANGUAGE_STANDARD = "gnu++17";
				CLANG_CXX_LIBRARY = "libc++";
				CLANG_ENABLE_MODULES = YES;
				CLANG_ENABLE_OBJC_ARC = YES;
				CLANG_ENABLE_OBJC_WEAK = YES;
				CLANG_WARN_BLOCK_CAPTURE_AUTORELEASING = YES;
				CLANG_WARN_BOOL_CONVERSION = YES;
				CLANG_WARN_COMMA = YES;
				CLANG_WARN_CONSTANT_CONVERSION = YES;
				CLANG_WARN_DEPRECATED_OBJC_IMPLEMENTATIONS = YES;
				CLANG_WARN_DIRECT_OBJC_ISA_USAGE = YES_ERROR;
				CLANG_WARN_DOCUMENTATION_COMMENTS = YES;
				CLANG_WARN_EMPTY_BODY = YES;
				CLANG_WARN_ENUM_CONVERSION = YES;
				CLANG_WARN_INFINITE_RECURSION = YES;
				CLANG_WARN_INT_CONVERSION = YES;
				CLANG_WARN_NON_LITERAL_NULL_CONVERSION = YES;
				CLANG_WARN_OBJC_IMPLICIT_RETAIN_SELF = YES;
				CLANG_WARN_OBJC_LITERAL_CONVERSION = YES;
				CLANG_WARN_OBJC_ROOT_CLASS = YES_ERROR;
				CLANG_WARN_QUOTED_INCLUDE_IN_FRAMEWORK_HEADER = YES;
				CLANG_WARN_RANGE_LOOP_ANALYSIS = YES;
				CLANG_WARN_STRICT_PROTOTYPES = YES;
				CLANG_WARN_SUSPICIOUS_MOVE = YES;
				CLANG_WARN_UNGUARDED_AVAILABILITY = YES_AGGRESSIVE;
				CLANG_WARN_UNREACHABLE_CODE = YES;
				CLANG_WARN__DUPLICATE_METHOD_MATCH = YES;
				COPY_PHASE_STRIP = NO;
				DEBUG_INFORMATION_FORMAT = "dwarf-with-dsym";
				ENABLE_NS_ASSERTIONS = NO;
				ENABLE_STRICT_OBJC_MSGSEND = YES;
				GCC_C_LANGUAGE_STANDARD = gnu11;
				GCC_NO_COMMON_BLOCKS = YES;
				GCC_WARN_64_TO_32_BIT_CONVERSION = YES;
				GCC_WARN_ABOUT_RETURN_TYPE = YES_ERROR;
				GCC_WARN_UNDECLARED_SELECTOR = YES;
				GCC_WARN_UNINITIALIZED_AUTOS = YES_AGGRESSIVE;
				GCC_WARN_UNUSED_FUNCTION = YES;
				GCC_WARN_UNUSED_VARIABLE = YES;
				IPHONEOS_DEPLOYMENT_TARGET = 15.0;
				MTL_ENABLE_DEBUG_INFO = NO;
				MTL_FAST_MATH = YES;
				SDKROOT = iphoneos;
				SWIFT_COMPILATION_MODE = wholemodule;
				SWIFT_OPTIMIZATION_LEVEL = "-O";
				VALIDATE_PRODUCT = YES;
				VALIDATE_WORKSPACE = YES;
			};
			name = Release;
		};
		390C2C0D27327A6F00D1D83A /* Debug */ = {
			isa = XCBuildConfiguration;
			buildSettings = {
				ASSETCATALOG_COMPILER_APPICON_NAME = AppIcon;
				ASSETCATALOG_COMPILER_GLOBAL_ACCENT_COLOR_NAME = AccentColor;
				CODE_SIGN_STYLE = Automatic;
				CURRENT_PROJECT_VERSION = 1;
				DEVELOPMENT_ASSET_PATHS = "\"$(SRCROOT)/Gnimag Cesrap/Preview Content\"";
				DEVELOPMENT_TEAM = BR63YT2EJJ;
				ENABLE_PREVIEWS = YES;
				FRAMEWORK_SEARCH_PATHS = (
					"$(inherited)",
					"$(PROJECT_DIR)",
				);
				GENERATE_INFOPLIST_FILE = YES;
				INFOPLIST_KEY_UIApplicationSceneManifest_Generation = YES;
				INFOPLIST_KEY_UIApplicationSupportsIndirectInputEvents = YES;
				INFOPLIST_KEY_UILaunchScreen_Generation = YES;
				INFOPLIST_KEY_UISupportedInterfaceOrientations = "UIInterfaceOrientationLandscapeLeft UIInterfaceOrientationLandscapeRight";
				INFOPLIST_KEY_UISupportedInterfaceOrientations_iPad = "UIInterfaceOrientationPortrait UIInterfaceOrientationPortraitUpsideDown UIInterfaceOrientationLandscapeLeft UIInterfaceOrientationLandscapeRight";
				INFOPLIST_KEY_UISupportedInterfaceOrientations_iPhone = "UIInterfaceOrientationPortrait UIInterfaceOrientationLandscapeLeft UIInterfaceOrientationLandscapeRight";
				LD_RUNPATH_SEARCH_PATHS = (
					"$(inherited)",
					"@executable_path/Frameworks",
				);
				MARKETING_VERSION = 1.0;
				PRODUCT_BUNDLE_IDENTIFIER = "cn.magicdian.Gnimag-Cesrap";
				PRODUCT_NAME = "Gnimag Cesrap";
				SWIFT_EMIT_LOC_STRINGS = YES;
				SWIFT_VERSION = 5.0;
				TARGETED_DEVICE_FAMILY = "1,2";
			};
			name = Debug;
		};
		390C2C0E27327A6F00D1D83A /* Release */ = {
			isa = XCBuildConfiguration;
			buildSettings = {
				ASSETCATALOG_COMPILER_APPICON_NAME = AppIcon;
				ASSETCATALOG_COMPILER_GLOBAL_ACCENT_COLOR_NAME = AccentColor;
				CODE_SIGN_STYLE = Automatic;
				CURRENT_PROJECT_VERSION = 1;
				DEVELOPMENT_ASSET_PATHS = "\"$(SRCROOT)/Gnimag Cesrap/Preview Content\"";
				DEVELOPMENT_TEAM = BR63YT2EJJ;
				ENABLE_PREVIEWS = YES;
				FRAMEWORK_SEARCH_PATHS = (
					"$(inherited)",
					"$(PROJECT_DIR)",
				);
				GENERATE_INFOPLIST_FILE = YES;
				INFOPLIST_KEY_UIApplicationSceneManifest_Generation = YES;
				INFOPLIST_KEY_UIApplicationSupportsIndirectInputEvents = YES;
				INFOPLIST_KEY_UILaunchScreen_Generation = YES;
				INFOPLIST_KEY_UISupportedInterfaceOrientations = "UIInterfaceOrientationLandscapeLeft UIInterfaceOrientationLandscapeRight";
				INFOPLIST_KEY_UISupportedInterfaceOrientations_iPad = "UIInterfaceOrientationPortrait UIInterfaceOrientationPortraitUpsideDown UIInterfaceOrientationLandscapeLeft UIInterfaceOrientationLandscapeRight";
				INFOPLIST_KEY_UISupportedInterfaceOrientations_iPhone = "UIInterfaceOrientationPortrait UIInterfaceOrientationLandscapeLeft UIInterfaceOrientationLandscapeRight";
				LD_RUNPATH_SEARCH_PATHS = (
					"$(inherited)",
					"@executable_path/Frameworks",
				);
				MARKETING_VERSION = 1.0;
				PRODUCT_BUNDLE_IDENTIFIER = "cn.magicdian.Gnimag-Cesrap";
				PRODUCT_NAME = "Gnimag Cesrap";
				SWIFT_EMIT_LOC_STRINGS = YES;
				SWIFT_VERSION = 5.0;
				TARGETED_DEVICE_FAMILY = "1,2";
			};
			name = Release;
		};
/* End XCBuildConfiguration section */

/* Begin XCConfigurationList section */
		390C2BF927327A6D00D1D83A /* Build configuration list for PBXProject "Gnimag Cesrap" */ = {
			isa = XCConfigurationList;
			buildConfigurations = (
				390C2C0A27327A6F00D1D83A /* Debug */,
				390C2C0B27327A6F00D1D83A /* Release */,
			);
			defaultConfigurationIsVisible = 0;
			defaultConfigurationName = Release;
		};
		390C2C0C27327A6F00D1D83A /* Build configuration list for PBXNativeTarget "Gnimag Cesrap" */ = {
			isa = XCConfigurationList;
			buildConfigurations = (
				390C2C0D27327A6F00D1D83A /* Debug */,
				390C2C0E27327A6F00D1D83A /* Release */,
			);
			defaultConfigurationIsVisible = 0;
			defaultConfigurationName = Release;
		};
/* End XCConfigurationList section */
	};
	rootObject = 390C2BF627327A6D00D1D83A /* Project object */;
}
